
Microsoft Visual Studio Solution File, Format Version 12.00
# Visual Studio 2012
Project("{8BC9CEB8-8B4A-11D0-8D11-00A0C91BC942}") = "PreTreatment", "PreTreatment\PreTreatment.vcxproj", "{F62E2756-BFF9-4359-9A47-EB21C7E8A712}"
EndProject
Global
	GlobalSection(SolutionConfigurationPlatforms) = preSolution
		Debug|Win32 = Debug|Win32
		Release|Win32 = Release|Win32
	EndGlobalSection
	GlobalSection(ProjectConfigurationPlatforms) = postSolution
		{F62E2756-BFF9-4359-9A47-EB21C7E8A712}.Debug|Win32.ActiveCfg = Debug|Win32
		{F62E2756-BFF9-4359-9A47-EB21C7E8A712}.Debug|Win32.Build.0 = Debug|Win32
		{F62E2756-BFF9-4359-9A47-EB21C7E8A712}.Release|Win32.ActiveCfg = Release|Win32
		{F62E2756-BFF9-4359-9A47-EB21C7E8A712}.Release|Win32.Build.0 = Release|Win32
	EndGlobalSection
	GlobalSection(SolutionProperties) = preSolution
		HideSolutionNode = FALSE
	EndGlobalSection
EndGlobal
